
Microsoft Visual Studio Solution File, Format Version 11.00
# Visual Studio 2010
Project("{FAE04EC0-301F-11D3-BF4B-00C04F79EFBC}") = ".NET-PortMapper", ".NET-PortMapper\.NET-PortMapper.csproj", "{BD0AF5B6-55FC-4E61-B91A-3E40A6E8F382}"
EndProject
Project("{FAE04EC0-301F-11D3-BF4B-00C04F79EFBC}") = "Mono.Nat", "Mono.Nat\Mono.Nat.csproj", "{A0F2353D-730F-4F67-BEA3-AD5DE270C72D}"
EndProject
Global
	GlobalSection(SolutionConfigurationPlatforms) = preSolution
		Debug|Any CPU = Debug|Any CPU
		Debug|Mixed Platforms = Debug|Mixed Platforms
		Debug|x86 = Debug|x86
		Release|Any CPU = Release|Any CPU
		Release|Mixed Platforms = Release|Mixed Platforms
		Release|x86 = Release|x86
	EndGlobalSection
	GlobalSection(ProjectConfigurationPlatforms) = postSolution
		{BD0AF5B6-55FC-4E61-B91A-3E40A6E8F382}.Debug|Any CPU.ActiveCfg = Debug|x86
		{BD0AF5B6-55FC-4E61-B91A-3E40A6E8F382}.Debug|Mixed Platforms.ActiveCfg = Debug|x86
		{BD0AF5B6-55FC-4E61-B91A-3E40A6E8F382}.Debug|Mixed Platforms.Build.0 = Debug|x86
		{BD0AF5B6-55FC-4E61-B91A-3E40A6E8F382}.Debug|x86.ActiveCfg = Debug|x86
		{BD0AF5B6-55FC-4E61-B91A-3E40A6E8F382}.Debug|x86.Build.0 = Debug|x86
		{BD0AF5B6-55FC-4E61-B91A-3E40A6E8F382}.Release|Any CPU.ActiveCfg = Release|x86
		{BD0AF5B6-55FC-4E61-B91A-3E40A6E8F382}.Release|Mixed Platforms.ActiveCfg = Release|x86
		{BD0AF5B6-55FC-4E61-B91A-3E40A6E8F382}.Release|Mixed Platforms.Build.0 = Release|x86
		{BD0AF5B6-55FC-4E61-B91A-3E40A6E8F382}.Release|x86.ActiveCfg = Release|x86
		{BD0AF5B6-55FC-4E61-B91A-3E40A6E8F382}.Release|x86.Build.0 = Release|x86
		{A0F2353D-730F-4F67-BEA3-AD5DE270C72D}.Debug|Any CPU.ActiveCfg = Debug|Any CPU
		{A0F2353D-730F-4F67-BEA3-AD5DE270C72D}.Debug|Any CPU.Build.0 = Debug|Any CPU
		{A0F2353D-730F-4F67-BEA3-AD5DE270C72D}.Debug|Mixed Platforms.ActiveCfg = Debug|Any CPU
		{A0F2353D-730F-4F67-BEA3-AD5DE270C72D}.Debug|Mixed Platforms.Build.0 = Debug|Any CPU
		{A0F2353D-730F-4F67-BEA3-AD5DE270C72D}.Debug|x86.ActiveCfg = Debug|Any CPU
		{A0F2353D-730F-4F67-BEA3-AD5DE270C72D}.Release|Any CPU.ActiveCfg = Release|Any CPU
		{A0F2353D-730F-4F67-BEA3-AD5DE270C72D}.Release|Any CPU.Build.0 = Release|Any CPU
		{A0F2353D-730F-4F67-BEA3-AD5DE270C72D}.Release|Mixed Platforms.ActiveCfg = Release|Any CPU
		{A0F2353D-730F-4F67-BEA3-AD5DE270C72D}.Release|Mixed Platforms.Build.0 = Release|Any CPU
		{A0F2353D-730F-4F67-BEA3-AD5DE270C72D}.Release|x86.ActiveCfg = Release|Any CPU
	EndGlobalSection
	GlobalSection(SolutionProperties) = preSolution
		HideSolutionNode = FALSE
	EndGlobalSection
EndGlobal
